
Microsoft Visual Studio Solution File, Format Version 12.00
# Visual Studio Version 17
VisualStudioVersion = 17.14.36717.8 d17.14
MinimumVisualStudioVersion = 10.0.40219.1
Project("{FAE04EC0-301F-11D3-BF4B-00C04F79EFBC}") = "SimpleBooksApiAutomation", "SimpleBooksApiAutomation\SimpleBooksApiAutomation.csproj", "{AEF1AD88-3048-48FA-AD76-617194C8A54B}"
EndProject
Global
	GlobalSection(SolutionConfigurationPlatforms) = preSolution
		Debug|Any CPU = Debug|Any CPU
		Release|Any CPU = Release|Any CPU
	EndGlobalSection
	GlobalSection(ProjectConfigurationPlatforms) = postSolution
		{AEF1AD88-3048-48FA-AD76-617194C8A54B}.Debug|Any CPU.ActiveCfg = Debug|Any CPU
		{AEF1AD88-3048-48FA-AD76-617194C8A54B}.Debug|Any CPU.Build.0 = Debug|Any CPU
		{AEF1AD88-3048-48FA-AD76-617194C8A54B}.Release|Any CPU.ActiveCfg = Release|Any CPU
		{AEF1AD88-3048-48FA-AD76-617194C8A54B}.Release|Any CPU.Build.0 = Release|Any CPU
	EndGlobalSection
	GlobalSection(SolutionProperties) = preSolution
		HideSolutionNode = FALSE
	EndGlobalSection
	GlobalSection(ExtensibilityGlobals) = postSolution
		SolutionGuid = {7E110FBA-80BC-490F-BA0E-2B917CE10BE2}
	EndGlobalSection
EndGlobal
